// !$*UTF8*$!
{
	archiveVersion = 1;
	classes = {
	};
	objectVersion = 50;
	objects = {

/* Begin PBXBuildFile section */
		ABFCC53924216C930095B986 /* AppDelegate.swift in Sources */ = {isa = PBXBuildFile; fileRef = ABFCC53824216C930095B986 /* AppDelegate.swift */; };
		ABFCC53B24216C930095B986 /* SceneDelegate.swift in Sources */ = {isa = PBXBuildFile; fileRef = ABFCC53A24216C930095B986 /* SceneDelegate.swift */; };
		ABFCC54024216C930095B986 /* Main.storyboard in Resources */ = {isa = PBXBuildFile; fileRef = ABFCC53E24216C930095B986 /* Main.storyboard */; };
		ABFCC54224216CA30095B986 /* Assets.xcassets in Resources */ = {isa = PBXBuildFile; fileRef = ABFCC54124216CA30095B986 /* Assets.xcassets */; };
		ABFCC54524216CA30095B986 /* LaunchScreen.storyboard in Resources */ = {isa = PBXBuildFile; fileRef = ABFCC54324216CA30095B986 /* LaunchScreen.storyboard */; };
		ABFCC55224216EBE0095B986 /* GigsTableViewController.swift in Sources */ = {isa = PBXBuildFile; fileRef = ABFCC55124216EBE0095B986 /* GigsTableViewController.swift */; };
		ABFCC554242171750095B986 /* LoginViewController.swift in Sources */ = {isa = PBXBuildFile; fileRef = ABFCC553242171750095B986 /* LoginViewController.swift */; };
		ABFCC556242174560095B986 /* Bearer.swift in Sources */ = {isa = PBXBuildFile; fileRef = ABFCC555242174560095B986 /* Bearer.swift */; };
		ABFCC558242174840095B986 /* User.swift in Sources */ = {isa = PBXBuildFile; fileRef = ABFCC557242174840095B986 /* User.swift */; };
		ABFCC55A242174C80095B986 /* GigController.swift in Sources */ = {isa = PBXBuildFile; fileRef = ABFCC559242174C80095B986 /* GigController.swift */; };
/* End PBXBuildFile section */

/* Begin PBXFileReference section */
		ABFCC53524216C930095B986 /* gigs.app */ = {isa = PBXFileReference; explicitFileType = wrapper.application; includeInIndex = 0; path = gigs.app; sourceTree = BUILT_PRODUCTS_DIR; };
		ABFCC53824216C930095B986 /* AppDelegate.swift */ = {isa = PBXFileReference; lastKnownFileType = sourcecode.swift; path = AppDelegate.swift; sourceTree = "<group>"; };
		ABFCC53A24216C930095B986 /* SceneDelegate.swift */ = {isa = PBXFileReference; lastKnownFileType = sourcecode.swift; path = SceneDelegate.swift; sourceTree = "<group>"; };
		ABFCC53F24216C930095B986 /* Base */ = {isa = PBXFileReference; lastKnownFileType = file.storyboard; name = Base; path = Base.lproj/Main.storyboard; sourceTree = "<group>"; };
		ABFCC54124216CA30095B986 /* Assets.xcassets */ = {isa = PBXFileReference; lastKnownFileType = folder.assetcatalog; path = Assets.xcassets; sourceTree = "<group>"; };
		ABFCC54424216CA30095B986 /* Base */ = {isa = PBXFileReference; lastKnownFileType = file.storyboard; name = Base; path = Base.lproj/LaunchScreen.storyboard; sourceTree = "<group>"; };
		ABFCC54624216CA30095B986 /* Info.plist */ = {isa = PBXFileReference; lastKnownFileType = text.plist.xml; path = Info.plist; sourceTree = "<group>"; };
		ABFCC55124216EBE0095B986 /* GigsTableViewController.swift */ = {isa = PBXFileReference; lastKnownFileType = sourcecode.swift; path = GigsTableViewController.swift; sourceTree = "<group>"; };
		ABFCC553242171750095B986 /* LoginViewController.swift */ = {isa = PBXFileReference; lastKnownFileType = sourcecode.swift; path = LoginViewController.swift; sourceTree = "<group>"; };
		ABFCC555242174560095B986 /* Bearer.swift */ = {isa = PBXFileReference; lastKnownFileType = sourcecode.swift; path = Bearer.swift; sourceTree = "<group>"; };
		ABFCC557242174840095B986 /* User.swift */ = {isa = PBXFileReference; lastKnownFileType = sourcecode.swift; path = User.swift; sourceTree = "<group>"; };
		ABFCC559242174C80095B986 /* GigController.swift */ = {isa = PBXFileReference; lastKnownFileType = sourcecode.swift; path = GigController.swift; sourceTree = "<group>"; };
/* End PBXFileReference section */

/* Begin PBXFrameworksBuildPhase section */
		ABFCC53224216C930095B986 /* Frameworks */ = {
			isa = PBXFrameworksBuildPhase;
			buildActionMask = 2147483647;
			files = (
			);
			runOnlyForDeploymentPostprocessing = 0;
		};
/* End PBXFrameworksBuildPhase section */

/* Begin PBXGroup section */
		ABFCC52C24216C920095B986 = {
			isa = PBXGroup;
			children = (
				ABFCC53724216C930095B986 /* gigs */,
				ABFCC53624216C930095B986 /* Products */,
			);
			sourceTree = "<group>";
		};
		ABFCC53624216C930095B986 /* Products */ = {
			isa = PBXGroup;
			children = (
				ABFCC53524216C930095B986 /* gigs.app */,
			);
			name = Products;
			sourceTree = "<group>";
		};
		ABFCC53724216C930095B986 /* gigs */ = {
			isa = PBXGroup;
			children = (
				ABFCC54624216CA30095B986 /* Info.plist */,
				ABFCC54D24216CCF0095B986 /* Model */,
				ABFCC54E24216CD70095B986 /* Model Controller */,
				ABFCC54C24216CC30095B986 /* Resources */,
				ABFCC55024216D000095B986 /* Story Boards */,
				ABFCC54F24216CE70095B986 /* View Controllers */,
			);
			path = gigs;
			sourceTree = "<group>";
		};
		ABFCC54C24216CC30095B986 /* Resources */ = {
			isa = PBXGroup;
			children = (
				ABFCC53824216C930095B986 /* AppDelegate.swift */,
				ABFCC53A24216C930095B986 /* SceneDelegate.swift */,
				ABFCC54124216CA30095B986 /* Assets.xcassets */,
			);
			path = Resources;
			sourceTree = "<group>";
		};
		ABFCC54D24216CCF0095B986 /* Model */ = {
			isa = PBXGroup;
			children = (
				ABFCC555242174560095B986 /* Bearer.swift */,
				ABFCC557242174840095B986 /* User.swift */,
			);
			path = Model;
			sourceTree = "<group>";
		};
		ABFCC54E24216CD70095B986 /* Model Controller */ = {
			isa = PBXGroup;
			children = (
				ABFCC559242174C80095B986 /* GigController.swift */,
			);
			path = "Model Controller";
			sourceTree = "<group>";
		};
		ABFCC54F24216CE70095B986 /* View Controllers */ = {
			isa = PBXGroup;
			children = (
				ABFCC55124216EBE0095B986 /* GigsTableViewController.swift */,
				ABFCC553242171750095B986 /* LoginViewController.swift */,
			);
			path = "View Controllers";
			sourceTree = "<group>";
		};
		ABFCC55024216D000095B986 /* Story Boards */ = {
			isa = PBXGroup;
			children = (
				ABFCC53E24216C930095B986 /* Main.storyboard */,
				ABFCC54324216CA30095B986 /* LaunchScreen.storyboard */,
			);
			path = "Story Boards";
			sourceTree = "<group>";
		};
/* End PBXGroup section */

/* Begin PBXNativeTarget section */
		ABFCC53424216C930095B986 /* gigs */ = {
			isa = PBXNativeTarget;
			buildConfigurationList = ABFCC54924216CA30095B986 /* Build configuration list for PBXNativeTarget "gigs" */;
			buildPhases = (
				ABFCC53124216C930095B986 /* Sources */,
				ABFCC53224216C930095B986 /* Frameworks */,
				ABFCC53324216C930095B986 /* Resources */,
			);
			buildRules = (
			);
			dependencies = (
			);
			name = gigs;
			productName = gigs;
			productReference = ABFCC53524216C930095B986 /* gigs.app */;
			productType = "com.apple.product-type.application";
		};
/* End PBXNativeTarget section */

/* Begin PBXProject section */
		ABFCC52D24216C920095B986 /* Project object */ = {
			isa = PBXProject;
			attributes = {
				LastSwiftUpdateCheck = 1130;
				LastUpgradeCheck = 1130;
				ORGANIZATIONNAME = "Crus Technologies";
				TargetAttributes = {
					ABFCC53424216C930095B986 = {
						CreatedOnToolsVersion = 11.3.1;
					};
				};
			};
			buildConfigurationList = ABFCC53024216C920095B986 /* Build configuration list for PBXProject "gigs" */;
			compatibilityVersion = "Xcode 9.3";
			developmentRegion = en;
			hasScannedForEncodings = 0;
			knownRegions = (
				en,
				Base,
			);
			mainGroup = ABFCC52C24216C920095B986;
			productRefGroup = ABFCC53624216C930095B986 /* Products */;
			projectDirPath = "";
			projectRoot = "";
			targets = (
				ABFCC53424216C930095B986 /* gigs */,
			);
		};
/* End PBXProject section */

/* Begin PBXResourcesBuildPhase section */
		ABFCC53324216C930095B986 /* Resources */ = {
			isa = PBXResourcesBuildPhase;
			buildActionMask = 2147483647;
			files = (
				ABFCC54524216CA30095B986 /* LaunchScreen.storyboard in Resources */,
				ABFCC54224216CA30095B986 /* Assets.xcassets in Resources */,
				ABFCC54024216C930095B986 /* Main.storyboard in Resources */,
			);
			runOnlyForDeploymentPostprocessing = 0;
		};
/* End PBXResourcesBuildPhase section */

/* Begin PBXSourcesBuildPhase section */
		ABFCC53124216C930095B986 /* Sources */ = {
			isa = PBXSourcesBuildPhase;
			buildActionMask = 2147483647;
			files = (
				ABFCC556242174560095B986 /* Bearer.swift in Sources */,
				ABFCC55A242174C80095B986 /* GigController.swift in Sources */,
				ABFCC554242171750095B986 /* LoginViewController.swift in Sources */,
				ABFCC558242174840095B986 /* User.swift in Sources */,
				ABFCC53924216C930095B986 /* AppDelegate.swift in Sources */,
				ABFCC53B24216C930095B986 /* SceneDelegate.swift in Sources */,
				ABFCC55224216EBE0095B986 /* GigsTableViewController.swift in Sources */,
			);
			runOnlyForDeploymentPostprocessing = 0;
		};
/* End PBXSourcesBuildPhase section */

/* Begin PBXVariantGroup section */
		ABFCC53E24216C930095B986 /* Main.storyboard */ = {
			isa = PBXVariantGroup;
			children = (
				ABFCC53F24216C930095B986 /* Base */,
			);
			name = Main.storyboard;
			sourceTree = "<group>";
		};
		ABFCC54324216CA30095B986 /* LaunchScreen.storyboard */ = {
			isa = PBXVariantGroup;
			children = (
				ABFCC54424216CA30095B986 /* Base */,
			);
			name = LaunchScreen.storyboard;
			sourceTree = "<group>";
		};
/* End PBXVariantGroup section */

/* Begin XCBuildConfiguration section */
		ABFCC54724216CA30095B986 /* Debug */ = {
			isa = XCBuildConfiguration;
			buildSettings = {
				ALWAYS_SEARCH_USER_PATHS = NO;
				CLANG_ANALYZER_NONNULL = YES;
				CLANG_ANALYZER_NUMBER_OBJECT_CONVERSION = YES_AGGRESSIVE;
				CLANG_CXX_LANGUAGE_STANDARD = "gnu++14";
				CLANG_CXX_LIBRARY = "libc++";
				CLANG_ENABLE_MODULES = YES;
				CLANG_ENABLE_OBJC_ARC = YES;
				CLANG_ENABLE_OBJC_WEAK = YES;
				CLANG_WARN_BLOCK_CAPTURE_AUTORELEASING = YES;
				CLANG_WARN_BOOL_CONVERSION = YES;
				CLANG_WARN_COMMA = YES;
				CLANG_WARN_CONSTANT_CONVERSION = YES;
				CLANG_WARN_DEPRECATED_OBJC_IMPLEMENTATIONS = YES;
				CLANG_WARN_DIRECT_OBJC_ISA_USAGE = YES_ERROR;
				CLANG_WARN_DOCUMENTATION_COMMENTS = YES;
				CLANG_WARN_EMPTY_BODY = YES;
				CLANG_WARN_ENUM_CONVERSION = YES;
				CLANG_WARN_INFINITE_RECURSION = YES;
				CLANG_WARN_INT_CONVERSION = YES;
				CLANG_WARN_NON_LITERAL_NULL_CONVERSION = YES;
				CLANG_WARN_OBJC_IMPLICIT_RETAIN_SELF = YES;
				CLANG_WARN_OBJC_LITERAL_CONVERSION = YES;
				CLANG_WARN_OBJC_ROOT_CLASS = YES_ERROR;
				CLANG_WARN_RANGE_LOOP_ANALYSIS = YES;
				CLANG_WARN_STRICT_PROTOTYPES = YES;
				CLANG_WARN_SUSPICIOUS_MOVE = YES;
				CLANG_WARN_UNGUARDED_AVAILABILITY = YES_AGGRESSIVE;
				CLANG_WARN_UNREACHABLE_CODE = YES;
				CLANG_WARN__DUPLICATE_METHOD_MATCH = YES;
				COPY_PHASE_STRIP = NO;
				DEBUG_INFORMATION_FORMAT = dwarf;
				ENABLE_STRICT_OBJC_MSGSEND = YES;
				ENABLE_TESTABILITY = YES;
				GCC_C_LANGUAGE_STANDARD = gnu11;
				GCC_DYNAMIC_NO_PIC = NO;
				GCC_NO_COMMON_BLOCKS = YES;
				GCC_OPTIMIZATION_LEVEL = 0;
				GCC_PREPROCESSOR_DEFINITIONS = (
					"DEBUG=1",
					"$(inherited)",
				);
				GCC_WARN_64_TO_32_BIT_CONVERSION = YES;
				GCC_WARN_ABOUT_RETURN_TYPE = YES_ERROR;
				GCC_WARN_UNDECLARED_SELECTOR = YES;
				GCC_WARN_UNINITIALIZED_AUTOS = YES_AGGRESSIVE;
				GCC_WARN_UNUSED_FUNCTION = YES;
				GCC_WARN_UNUSED_VARIABLE = YES;
				IPHONEOS_DEPLOYMENT_TARGET = 13.2;
				MTL_ENABLE_DEBUG_INFO = INCLUDE_SOURCE;
				MTL_FAST_MATH = YES;
				ONLY_ACTIVE_ARCH = YES;
				SDKROOT = iphoneos;
				SWIFT_ACTIVE_COMPILATION_CONDITIONS = DEBUG;
				SWIFT_OPTIMIZATION_LEVEL = "-Onone";
			};
			name = Debug;
		};
		ABFCC54824216CA30095B986 /* Release */ = {
			isa = XCBuildConfiguration;
			buildSettings = {
				ALWAYS_SEARCH_USER_PATHS = NO;
				CLANG_ANALYZER_NONNULL = YES;
				CLANG_ANALYZER_NUMBER_OBJECT_CONVERSION = YES_AGGRESSIVE;
				CLANG_CXX_LANGUAGE_STANDARD = "gnu++14";
				CLANG_CXX_LIBRARY = "libc++";
				CLANG_ENABLE_MODULES = YES;
				CLANG_ENABLE_OBJC_ARC = YES;
				CLANG_ENABLE_OBJC_WEAK = YES;
				CLANG_WARN_BLOCK_CAPTURE_AUTORELEASING = YES;
				CLANG_WARN_BOOL_CONVERSION = YES;
				CLANG_WARN_COMMA = YES;
				CLANG_WARN_CONSTANT_CONVERSION = YES;
				CLANG_WARN_DEPRECATED_OBJC_IMPLEMENTATIONS = YES;
				CLANG_WARN_DIRECT_OBJC_ISA_USAGE = YES_ERROR;
				CLANG_WARN_DOCUMENTATION_COMMENTS = YES;
				CLANG_WARN_EMPTY_BODY = YES;
				CLANG_WARN_ENUM_CONVERSION = YES;
				CLANG_WARN_INFINITE_RECURSION = YES;
				CLANG_WARN_INT_CONVERSION = YES;
				CLANG_WARN_NON_LITERAL_NULL_CONVERSION = YES;
				CLANG_WARN_OBJC_IMPLICIT_RETAIN_SELF = YES;
				CLANG_WARN_OBJC_LITERAL_CONVERSION = YES;
				CLANG_WARN_OBJC_ROOT_CLASS = YES_ERROR;
				CLANG_WARN_RANGE_LOOP_ANALYSIS = YES;
				CLANG_WARN_STRICT_PROTOTYPES = YES;
				CLANG_WARN_SUSPICIOUS_MOVE = YES;
				CLANG_WARN_UNGUARDED_AVAILABILITY = YES_AGGRESSIVE;
				CLANG_WARN_UNREACHABLE_CODE = YES;
				CLANG_WARN__DUPLICATE_METHOD_MATCH = YES;
				COPY_PHASE_STRIP = NO;
				DEBUG_INFORMATION_FORMAT = "dwarf-with-dsym";
				ENABLE_NS_ASSERTIONS = NO;
				ENABLE_STRICT_OBJC_MSGSEND = YES;
				GCC_C_LANGUAGE_STANDARD = gnu11;
				GCC_NO_COMMON_BLOCKS = YES;
				GCC_WARN_64_TO_32_BIT_CONVERSION = YES;
				GCC_WARN_ABOUT_RETURN_TYPE = YES_ERROR;
				GCC_WARN_UNDECLARED_SELECTOR = YES;
				GCC_WARN_UNINITIALIZED_AUTOS = YES_AGGRESSIVE;
				GCC_WARN_UNUSED_FUNCTION = YES;
				GCC_WARN_UNUSED_VARIABLE = YES;
				IPHONEOS_DEPLOYMENT_TARGET = 13.2;
				MTL_ENABLE_DEBUG_INFO = NO;
				MTL_FAST_MATH = YES;
				SDKROOT = iphoneos;
				SWIFT_COMPILATION_MODE = wholemodule;
				SWIFT_OPTIMIZATION_LEVEL = "-O";
				VALIDATE_PRODUCT = YES;
			};
			name = Release;
		};
		ABFCC54A24216CA30095B986 /* Debug */ = {
			isa = XCBuildConfiguration;
			buildSettings = {
				ASSETCATALOG_COMPILER_APPICON_NAME = AppIcon;
				CODE_SIGN_STYLE = Automatic;
				DEVELOPMENT_TEAM = 46XAGWCJPW;
				INFOPLIST_FILE = gigs/Info.plist;
				LD_RUNPATH_SEARCH_PATHS = (
					"$(inherited)",
					"@executable_path/Frameworks",
				);
				PRODUCT_BUNDLE_IDENTIFIER = com.pravinpatel.gigs;
				PRODUCT_NAME = "$(TARGET_NAME)";
				SWIFT_VERSION = 5.0;
				TARGETED_DEVICE_FAMILY = "1,2";
			};
			name = Debug;
		};
		ABFCC54B24216CA30095B986 /* Release */ = {
			isa = XCBuildConfiguration;
			buildSettings = {
				ASSETCATALOG_COMPILER_APPICON_NAME = AppIcon;
				CODE_SIGN_STYLE = Automatic;
				DEVELOPMENT_TEAM = 46XAGWCJPW;
				INFOPLIST_FILE = gigs/Info.plist;
				LD_RUNPATH_SEARCH_PATHS = (
					"$(inherited)",
					"@executable_path/Frameworks",
				);
				PRODUCT_BUNDLE_IDENTIFIER = com.pravinpatel.gigs;
				PRODUCT_NAME = "$(TARGET_NAME)";
				SWIFT_VERSION = 5.0;
				TARGETED_DEVICE_FAMILY = "1,2";
			};
			name = Release;
		};
/* End XCBuildConfiguration section */

/* Begin XCConfigurationList section */
		ABFCC53024216C920095B986 /* Build configuration list for PBXProject "gigs" */ = {
			isa = XCConfigurationList;
			buildConfigurations = (
				ABFCC54724216CA30095B986 /* Debug */,
				ABFCC54824216CA30095B986 /* Release */,
			);
			defaultConfigurationIsVisible = 0;
			defaultConfigurationName = Release;
		};
		ABFCC54924216CA30095B986 /* Build configuration list for PBXNativeTarget "gigs" */ = {
			isa = XCConfigurationList;
			buildConfigurations = (
				ABFCC54A24216CA30095B986 /* Debug */,
				ABFCC54B24216CA30095B986 /* Release */,
			);
			defaultConfigurationIsVisible = 0;
			defaultConfigurationName = Release;
		};
/* End XCConfigurationList section */
	};
	rootObject = ABFCC52D24216C920095B986 /* Project object */;
}
